
Microsoft Visual Studio Solution File, Format Version 12.00
# Visual Studio 15
VisualStudioVersion = 15.0.28010.2046
MinimumVisualStudioVersion = 10.0.40219.1
Project("{FAE04EC0-301F-11D3-BF4B-00C04F79EFBC}") = "Weather.Entities", "Weather.Entities\Weather.Entities.csproj", "{7E38FF5D-2000-4CC0-A553-7BD6824A179B}"
EndProject
Global
	GlobalSection(SolutionConfigurationPlatforms) = preSolution
		Debug|Any CPU = Debug|Any CPU
		Release|Any CPU = Release|Any CPU
	EndGlobalSection
	GlobalSection(ProjectConfigurationPlatforms) = postSolution
		{7E38FF5D-2000-4CC0-A553-7BD6824A179B}.Debug|Any CPU.ActiveCfg = Debug|Any CPU
		{7E38FF5D-2000-4CC0-A553-7BD6824A179B}.Debug|Any CPU.Build.0 = Debug|Any CPU
		{7E38FF5D-2000-4CC0-A553-7BD6824A179B}.Release|Any CPU.ActiveCfg = Release|Any CPU
		{7E38FF5D-2000-4CC0-A553-7BD6824A179B}.Release|Any CPU.Build.0 = Release|Any CPU
	EndGlobalSection
	GlobalSection(SolutionProperties) = preSolution
		HideSolutionNode = FALSE
	EndGlobalSection
	GlobalSection(ExtensibilityGlobals) = postSolution
		SolutionGuid = {42DA9627-5F3C-41DB-84B0-EB488A08A284}
	EndGlobalSection
EndGlobal
